{
  "name": "pdf-rag-code",
  "lockfileVersion": 3,
  "requires": true,
  "packages": {
    "": {
      "devDependencies": {
        "opencode-ai": "^0.5.28"
      }
    },
    "node_modules/opencode-ai": {
      "version": "0.5.28",
      "resolved": "https://registry.npmjs.org/opencode-ai/-/opencode-ai-0.5.28.tgz",
      "integrity": "sha512-EdU7KBXN7OGOrhwpJVpG38Ui03zs3IJutQgFnacSdKeAmYZLt6e/0ZNblcQ6YSqwddmH+WvGgbsN+HUwUeH9yw==",
      "dev": true,
      "hasInstallScript": true,
      "bin": {
        "opencode": "bin/opencode"
      },
      "optionalDependencies": {
        "opencode-darwin-arm64": "0.5.28",
        "opencode-darwin-x64": "0.5.28",
        "opencode-darwin-x64-baseline": "0.5.28",
        "opencode-linux-arm64": "0.5.28",
        "opencode-linux-x64": "0.5.28",
        "opencode-linux-x64-baseline": "0.5.28",
        "opencode-windows-x64": "0.5.28"
      }
    },
    "node_modules/opencode-darwin-arm64": {
      "version": "0.5.28",
      "resolved": "https://registry.npmjs.org/opencode-darwin-arm64/-/opencode-darwin-arm64-0.5.28.tgz",
      "integrity": "sha512-jtuw3r1xBKEZQGVt3yDAH7GfzA1Ubpehhw9Gi69bDtblocVY7wYLsR/9pJm/IdJc8J0lsbVGjP8wwNZGSm0/OQ==",
      "cpu": [
        "arm64"
      ],
      "dev": true,
      "optional": true,
      "os": [
        "darwin"
      ]
    },
    "node_modules/opencode-darwin-x64": {
      "version": "0.5.28",
      "resolved": "https://registry.npmjs.org/opencode-darwin-x64/-/opencode-darwin-x64-0.5.28.tgz",
      "integrity": "sha512-HvBL56/GZJLcYbKJsEpth7i2hQX8hynhp72IFYhSCBeFYT8iDyiOD/UF039zKre9dXsGMnD8UL5/d/2mBq/zqg==",
      "cpu": [
        "x64"
      ],
      "dev": true,
      "optional": true,
      "os": [
        "darwin"
      ]
    },
    "node_modules/opencode-darwin-x64-baseline": {
      "version": "0.5.28",
      "resolved": "https://registry.npmjs.org/opencode-darwin-x64-baseline/-/opencode-darwin-x64-baseline-0.5.28.tgz",
      "integrity": "sha512-qG3LDeTvcIR/XfZZ98LYF0fBd6J9mXq9imcyI7ULy3VMLK0I+uiLwqsBEGSgjuG3sSoArg9syw6x7gu90VJZ9A==",
      "cpu": [
        "x64-baseline"
      ],
      "dev": true,
      "optional": true,
      "os": [
        "darwin"
      ]
    },
    "node_modules/opencode-linux-arm64": {
      "version": "0.5.28",
      "resolved": "https://registry.npmjs.org/opencode-linux-arm64/-/opencode-linux-arm64-0.5.28.tgz",
      "integrity": "sha512-4TpHb+BCKmBl2bvSGS0ZvwaB2jO5oy7cecpZefIVfqZneL1+dKKW5wGpgAmStNbUGTY9FJZW2kNRAP0ZpvC3Hw==",
      "cpu": [
        "arm64"
      ],
      "dev": true,
      "optional": true,
      "os": [
        "linux"
      ]
    },
    "node_modules/opencode-linux-x64": {
      "version": "0.5.28",
      "resolved": "https://registry.npmjs.org/opencode-linux-x64/-/opencode-linux-x64-0.5.28.tgz",
      "integrity": "sha512-dM1Gdx55cPqj2qtdRGhWakYLCY0N2monYKJdrgu3IQ9/+n+Jfc2Pwa1gI8RLfg5IzPOBPeVEZobvoDNmAwnC6g==",
      "cpu": [
        "x64"
      ],
      "dev": true,
      "optional": true,
      "os": [
        "linux"
      ]
    },
    "node_modules/opencode-linux-x64-baseline": {
      "version": "0.5.28",
      "resolved": "https://registry.npmjs.org/opencode-linux-x64-baseline/-/opencode-linux-x64-baseline-0.5.28.tgz",
      "integrity": "sha512-6CpDhrfCEMm7jduC+Vd6k2ndzZbQWNLA/2QUA45uB9V9Swv4EhMUO3S+8TEKeGY5mrE6kRXD43BVFwIOhuYSPg==",
      "cpu": [
        "x64-baseline"
      ],
      "dev": true,
      "optional": true,
      "os": [
        "linux"
      ]
    },
    "node_modules/opencode-windows-x64": {
      "version": "0.5.28",
      "resolved": "https://registry.npmjs.org/opencode-windows-x64/-/opencode-windows-x64-0.5.28.tgz",
      "integrity": "sha512-eqCF3hj1j4ILK4criq1F1+AxVTx4cQjh+QHyfStyBH3NJRLo3lCcHzU9inIfKWZKLkCDEEKT5bcENvFwG7wLSg==",
      "cpu": [
        "x64"
      ],
      "dev": true,
      "optional": true,
      "os": [
        "win32"
      ]
    }
  }
}
